<?xml version="1.0" encoding="utf-8"?>
<Project ToolsVersion="4.0" xmlns="http://schemas.microsoft.com/developer/msbuild/2003">
  <ItemGroup>
    <ClCompile Include="ext\imgui\imgui.cpp">
      <Filter>external\imgui</Filter>
    </ClCompile>
    <ClCompile Include="ext\imgui\imgui_custom.cpp">
      <Filter>external\imgui</Filter>
    </ClCompile>
    <ClCompile Include="ext\imgui\imgui_demo.cpp">
      <Filter>external\imgui</Filter>
    </ClCompile>
    <ClCompile Include="ext\imgui\imgui_draw.cpp">
      <Filter>external\imgui</Filter>
    </ClCompile>
    <ClCompile Include="ext\imgui\imgui_impl_dx9.cpp">
      <Filter>external\imgui</Filter>
    </ClCompile>
    <ClCompile Include="ext\imgui\imgui_impl_win32.cpp">
      <Filter>external\imgui</Filter>
    </ClCompile>
    <ClCompile Include="ext\imgui\imgui_tables.cpp">
      <Filter>external\imgui</Filter>
    </ClCompile>
    <ClCompile Include="ext\imgui\imgui_widgets.cpp">
      <Filter>external\imgui</Filter>
    </ClCompile>
    <ClCompile Include="entry.cpp">
      <Filter>source files</Filter>
    </ClCompile>
    <ClCompile Include="ui.cpp">
      <Filter>source files</Filter>
    </ClCompile>
  </ItemGroup>
  <ItemGroup>
    <ClInclude Include="ext\imgui\imconfig.h">
      <Filter>external\imgui</Filter>
    </ClInclude>
    <ClInclude Include="ext\imgui\imgui.h">
      <Filter>external\imgui</Filter>
    </ClInclude>
    <ClInclude Include="ext\imgui\imgui_custom.h">
      <Filter>external\imgui</Filter>
    </ClInclude>
    <ClInclude Include="ext\imgui\imgui_impl_dx9.h">
      <Filter>external\imgui</Filter>
    </ClInclude>
    <ClInclude Include="ext\imgui\imgui_impl_win32.h">
      <Filter>external\imgui</Filter>
    </ClInclude>
    <ClInclude Include="ext\imgui\imgui_internal.h">
      <Filter>external\imgui</Filter>
    </ClInclude>
    <ClInclude Include="ext\imgui\imstb_rectpack.h">
      <Filter>external\imgui</Filter>
    </ClInclude>
    <ClInclude Include="ext\imgui\imstb_textedit.h">
      <Filter>external\imgui</Filter>
    </ClInclude>
    <ClInclude Include="ext\imgui\imstb_truetype.h">
      <Filter>external\imgui</Filter>
    </ClInclude>
    <ClInclude Include="auth.hpp">
      <Filter>external\keyauth</Filter>
    </ClInclude>
    <ClInclude Include="byte_arrays.h">
      <Filter>header files</Filter>
    </ClInclude>
    <ClInclude Include="color_bot.h">
      <Filter>header files</Filter>
    </ClInclude>
    <ClInclude Include="globals.h">
      <Filter>header files</Filter>
    </ClInclude>
    <ClInclude Include="mouse.h">
      <Filter>header files</Filter>
    </ClInclude>
    <ClInclude Include="ui.h">
      <Filter>header files</Filter>
    </ClInclude>
  </ItemGroup>
  <ItemGroup>
    <Library Include="libcurl.lib">
      <Filter>external\keyauth</Filter>
    </Library>
    <Library Include="library_x64.lib">
      <Filter>external\keyauth</Filter>
    </Library>
  </ItemGroup>
  <ItemGroup>
    <Filter Include="external">
      <UniqueIdentifier>{fa0abe3e-5822-469b-a59a-7724cf52a354}</UniqueIdentifier>
    </Filter>
    <Filter Include="external\imgui">
      <UniqueIdentifier>{b1098cc5-08f0-4f37-b5ba-858b1d881701}</UniqueIdentifier>
    </Filter>
    <Filter Include="external\keyauth">
      <UniqueIdentifier>{0eb19e4c-54dd-4c1c-bfa4-b5c620624b4e}</UniqueIdentifier>
    </Filter>
    <Filter Include="header files">
      <UniqueIdentifier>{1cffd84b-244a-444f-8904-105b446a1d55}</UniqueIdentifier>
    </Filter>
    <Filter Include="source files">
      <UniqueIdentifier>{290112d8-bb05-4735-9ea2-dda0af4e6a37}</UniqueIdentifier>
    </Filter>
  </ItemGroup>
</Project>